
Microsoft Visual Studio Solution File, Format Version 12.00
# Visual Studio 15
VisualStudioVersion = 15.0.27428.2015
MinimumVisualStudioVersion = 10.0.40219.1
Project("{9092AA53-FB77-4645-B42D-1CCCA6BD08BD}") = "Transparencity", "Transparencity.njsproj", "{81E5FB02-73A2-4F7B-8566-FFEADD869ED3}"
EndProject
Global
	GlobalSection(SolutionConfigurationPlatforms) = preSolution
		Debug|Any CPU = Debug|Any CPU
		Release|Any CPU = Release|Any CPU
	EndGlobalSection
	GlobalSection(ProjectConfigurationPlatforms) = postSolution
		{81E5FB02-73A2-4F7B-8566-FFEADD869ED3}.Debug|Any CPU.ActiveCfg = Debug|Any CPU
		{81E5FB02-73A2-4F7B-8566-FFEADD869ED3}.Debug|Any CPU.Build.0 = Debug|Any CPU
		{81E5FB02-73A2-4F7B-8566-FFEADD869ED3}.Release|Any CPU.ActiveCfg = Release|Any CPU
		{81E5FB02-73A2-4F7B-8566-FFEADD869ED3}.Release|Any CPU.Build.0 = Release|Any CPU
	EndGlobalSection
	GlobalSection(SolutionProperties) = preSolution
		HideSolutionNode = FALSE
	EndGlobalSection
	GlobalSection(ExtensibilityGlobals) = postSolution
		SolutionGuid = {A9D0AF4C-A6C9-49C8-A039-CCEA456E1CBF}
	EndGlobalSection
EndGlobal
